
Microsoft Visual Studio Solution File, Format Version 12.00
# Visual Studio Version 17
VisualStudioVersion = 17.8.34309.116
MinimumVisualStudioVersion = 10.0.40219.1
Project("{2150E333-8FDC-42A3-9474-1A3956D46DE8}") = "解决方案项", "解决方案项", "{9B93B36D-15EE-421F-B949-6948CCCD1CB2}"
	ProjectSection(SolutionItems) = preProject
		LICENSE = LICENSE
		Nuget.props = Nuget.props
		README.md = README.md
		THIRD-PARTY-LICENSES.md = THIRD-PARTY-LICENSES.md
	EndProjectSection
EndProject
Project("{9A19103F-16F7-4668-BE54-9A1E7A4F7556}") = "Trarizon.Library", "src\Trarizon.Library\Trarizon.Library.csproj", "{00BF2D13-338D-4426-B3CA-CB17D6396C64}"
EndProject
Project("{2150E333-8FDC-42A3-9474-1A3956D46DE8}") = "src", "src", "{5018BEA0-DC90-469A-A85C-E46213678F6E}"
EndProject
Project("{2150E333-8FDC-42A3-9474-1A3956D46DE8}") = "tests", "tests", "{EB7997BE-BD2E-439B-9BBB-FD13CBB5292F}"
EndProject
Project("{9A19103F-16F7-4668-BE54-9A1E7A4F7556}") = "Trarizon.Test.Run", "tests\Trarizon.Test.Run\Trarizon.Test.Run.csproj", "{4F28C85D-D1E7-4BA6-B3E7-6C4A1ACB1388}"
EndProject
Project("{9A19103F-16F7-4668-BE54-9A1E7A4F7556}") = "Trarizon.Test.UnitTest", "tests\Trarizon.Test.UnitTest\Trarizon.Test.UnitTest.csproj", "{C1227E81-5101-4203-B2FA-8015DF3DEA70}"
EndProject
Project("{9A19103F-16F7-4668-BE54-9A1E7A4F7556}") = "Trarizon.Test.Nuget", "tests\Trarizon.Test.Nuget\Trarizon.Test.Nuget.csproj", "{05B637C1-20D7-4A4D-803E-8A14133A6331}"
EndProject
Project("{9A19103F-16F7-4668-BE54-9A1E7A4F7556}") = "Trarizon.Library.Wpf", "src\Trarizon.Library.Wpf\Trarizon.Library.Wpf.csproj", "{25A82CA0-89B8-4941-A1D8-9386585F74B6}"
EndProject
Project("{9A19103F-16F7-4668-BE54-9A1E7A4F7556}") = "Trarizon.Library.Windows", "src\Trarizon.Library.Windows\Trarizon.Library.Windows.csproj", "{B0275C16-1C37-4107-8A62-B29804A80B47}"
EndProject
Project("{FAE04EC0-301F-11D3-BF4B-00C04F79EFBC}") = "Trarizon.Library.Collections", "src\Trarizon.Library.Collections\Trarizon.Library.Collections.csproj", "{E929C013-2145-408C-A158-FC09A16EC8D5}"
EndProject
Project("{FAE04EC0-301F-11D3-BF4B-00C04F79EFBC}") = "Trarizon.Library.Mathematics", "src\Trarizon.Library.Mathematics\Trarizon.Library.Mathematics.csproj", "{B9433C0D-4142-4B9F-9936-00B9213588B2}"
EndProject
Project("{2150E333-8FDC-42A3-9474-1A3956D46DE8}") = "generator", "generator", "{02EA681E-C7D8-13C7-8484-4AC65E1B71E8}"
EndProject
Project("{2150E333-8FDC-42A3-9474-1A3956D46DE8}") = "windows", "windows", "{1696C783-1D8E-4163-8BFC-901C9126B816}"
EndProject
Project("{FAE04EC0-301F-11D3-BF4B-00C04F79EFBC}") = "Trarizon.Library.Functional", "src\Trarizon.Library.Functional\Trarizon.Library.Functional.csproj", "{2BB94DD4-796F-42AD-8555-B44D62053629}"
EndProject
Project("{FAE04EC0-301F-11D3-BF4B-00C04F79EFBC}") = "Trarizon.Library.Generators", "src\Trarizon.Library.Generators\Trarizon.Library.Generators.csproj", "{D5826AB8-3423-464E-BE6E-04794112C4A7}"
EndProject
Project("{FAE04EC0-301F-11D3-BF4B-00C04F79EFBC}") = "Trarizon.Library.Roslyn", "src\Trarizon.Library.Roslyn\Trarizon.Library.Roslyn.csproj", "{6F8A4BAA-9F0D-4200-9A3A-0B2C06C1C313}"
EndProject
Global
	GlobalSection(SolutionConfigurationPlatforms) = preSolution
		Debug|Any CPU = Debug|Any CPU
		Release|Any CPU = Release|Any CPU
	EndGlobalSection
	GlobalSection(ProjectConfigurationPlatforms) = postSolution
		{00BF2D13-338D-4426-B3CA-CB17D6396C64}.Debug|Any CPU.ActiveCfg = Debug|Any CPU
		{00BF2D13-338D-4426-B3CA-CB17D6396C64}.Debug|Any CPU.Build.0 = Debug|Any CPU
		{00BF2D13-338D-4426-B3CA-CB17D6396C64}.Release|Any CPU.ActiveCfg = Release|Any CPU
		{00BF2D13-338D-4426-B3CA-CB17D6396C64}.Release|Any CPU.Build.0 = Release|Any CPU
		{4F28C85D-D1E7-4BA6-B3E7-6C4A1ACB1388}.Debug|Any CPU.ActiveCfg = Debug|Any CPU
		{4F28C85D-D1E7-4BA6-B3E7-6C4A1ACB1388}.Debug|Any CPU.Build.0 = Debug|Any CPU
		{4F28C85D-D1E7-4BA6-B3E7-6C4A1ACB1388}.Release|Any CPU.ActiveCfg = Release|Any CPU
		{4F28C85D-D1E7-4BA6-B3E7-6C4A1ACB1388}.Release|Any CPU.Build.0 = Release|Any CPU
		{C1227E81-5101-4203-B2FA-8015DF3DEA70}.Debug|Any CPU.ActiveCfg = Debug|Any CPU
		{C1227E81-5101-4203-B2FA-8015DF3DEA70}.Debug|Any CPU.Build.0 = Debug|Any CPU
		{C1227E81-5101-4203-B2FA-8015DF3DEA70}.Release|Any CPU.ActiveCfg = Release|Any CPU
		{C1227E81-5101-4203-B2FA-8015DF3DEA70}.Release|Any CPU.Build.0 = Release|Any CPU
		{05B637C1-20D7-4A4D-803E-8A14133A6331}.Debug|Any CPU.ActiveCfg = Debug|Any CPU
		{05B637C1-20D7-4A4D-803E-8A14133A6331}.Debug|Any CPU.Build.0 = Debug|Any CPU
		{05B637C1-20D7-4A4D-803E-8A14133A6331}.Release|Any CPU.ActiveCfg = Release|Any CPU
		{05B637C1-20D7-4A4D-803E-8A14133A6331}.Release|Any CPU.Build.0 = Release|Any CPU
		{25A82CA0-89B8-4941-A1D8-9386585F74B6}.Debug|Any CPU.ActiveCfg = Debug|Any CPU
		{25A82CA0-89B8-4941-A1D8-9386585F74B6}.Debug|Any CPU.Build.0 = Debug|Any CPU
		{25A82CA0-89B8-4941-A1D8-9386585F74B6}.Release|Any CPU.ActiveCfg = Release|Any CPU
		{25A82CA0-89B8-4941-A1D8-9386585F74B6}.Release|Any CPU.Build.0 = Release|Any CPU
		{B0275C16-1C37-4107-8A62-B29804A80B47}.Debug|Any CPU.ActiveCfg = Debug|Any CPU
		{B0275C16-1C37-4107-8A62-B29804A80B47}.Debug|Any CPU.Build.0 = Debug|Any CPU
		{B0275C16-1C37-4107-8A62-B29804A80B47}.Release|Any CPU.ActiveCfg = Release|Any CPU
		{B0275C16-1C37-4107-8A62-B29804A80B47}.Release|Any CPU.Build.0 = Release|Any CPU
		{E929C013-2145-408C-A158-FC09A16EC8D5}.Debug|Any CPU.ActiveCfg = Debug|Any CPU
		{E929C013-2145-408C-A158-FC09A16EC8D5}.Debug|Any CPU.Build.0 = Debug|Any CPU
		{E929C013-2145-408C-A158-FC09A16EC8D5}.Release|Any CPU.ActiveCfg = Release|Any CPU
		{E929C013-2145-408C-A158-FC09A16EC8D5}.Release|Any CPU.Build.0 = Release|Any CPU
		{B9433C0D-4142-4B9F-9936-00B9213588B2}.Debug|Any CPU.ActiveCfg = Debug|Any CPU
		{B9433C0D-4142-4B9F-9936-00B9213588B2}.Debug|Any CPU.Build.0 = Debug|Any CPU
		{B9433C0D-4142-4B9F-9936-00B9213588B2}.Release|Any CPU.ActiveCfg = Release|Any CPU
		{B9433C0D-4142-4B9F-9936-00B9213588B2}.Release|Any CPU.Build.0 = Release|Any CPU
		{2BB94DD4-796F-42AD-8555-B44D62053629}.Debug|Any CPU.ActiveCfg = Debug|Any CPU
		{2BB94DD4-796F-42AD-8555-B44D62053629}.Debug|Any CPU.Build.0 = Debug|Any CPU
		{2BB94DD4-796F-42AD-8555-B44D62053629}.Release|Any CPU.ActiveCfg = Release|Any CPU
		{2BB94DD4-796F-42AD-8555-B44D62053629}.Release|Any CPU.Build.0 = Release|Any CPU
		{D5826AB8-3423-464E-BE6E-04794112C4A7}.Debug|Any CPU.ActiveCfg = Debug|Any CPU
		{D5826AB8-3423-464E-BE6E-04794112C4A7}.Debug|Any CPU.Build.0 = Debug|Any CPU
		{D5826AB8-3423-464E-BE6E-04794112C4A7}.Release|Any CPU.ActiveCfg = Release|Any CPU
		{D5826AB8-3423-464E-BE6E-04794112C4A7}.Release|Any CPU.Build.0 = Release|Any CPU
		{6F8A4BAA-9F0D-4200-9A3A-0B2C06C1C313}.Debug|Any CPU.ActiveCfg = Debug|Any CPU
		{6F8A4BAA-9F0D-4200-9A3A-0B2C06C1C313}.Debug|Any CPU.Build.0 = Debug|Any CPU
		{6F8A4BAA-9F0D-4200-9A3A-0B2C06C1C313}.Release|Any CPU.ActiveCfg = Release|Any CPU
		{6F8A4BAA-9F0D-4200-9A3A-0B2C06C1C313}.Release|Any CPU.Build.0 = Release|Any CPU
	EndGlobalSection
	GlobalSection(SolutionProperties) = preSolution
		HideSolutionNode = FALSE
	EndGlobalSection
	GlobalSection(NestedProjects) = preSolution
		{00BF2D13-338D-4426-B3CA-CB17D6396C64} = {5018BEA0-DC90-469A-A85C-E46213678F6E}
		{4F28C85D-D1E7-4BA6-B3E7-6C4A1ACB1388} = {EB7997BE-BD2E-439B-9BBB-FD13CBB5292F}
		{C1227E81-5101-4203-B2FA-8015DF3DEA70} = {EB7997BE-BD2E-439B-9BBB-FD13CBB5292F}
		{05B637C1-20D7-4A4D-803E-8A14133A6331} = {EB7997BE-BD2E-439B-9BBB-FD13CBB5292F}
		{25A82CA0-89B8-4941-A1D8-9386585F74B6} = {1696C783-1D8E-4163-8BFC-901C9126B816}
		{B0275C16-1C37-4107-8A62-B29804A80B47} = {1696C783-1D8E-4163-8BFC-901C9126B816}
		{E929C013-2145-408C-A158-FC09A16EC8D5} = {5018BEA0-DC90-469A-A85C-E46213678F6E}
		{B9433C0D-4142-4B9F-9936-00B9213588B2} = {5018BEA0-DC90-469A-A85C-E46213678F6E}
		{02EA681E-C7D8-13C7-8484-4AC65E1B71E8} = {5018BEA0-DC90-469A-A85C-E46213678F6E}
		{1696C783-1D8E-4163-8BFC-901C9126B816} = {5018BEA0-DC90-469A-A85C-E46213678F6E}
		{2BB94DD4-796F-42AD-8555-B44D62053629} = {5018BEA0-DC90-469A-A85C-E46213678F6E}
		{D5826AB8-3423-464E-BE6E-04794112C4A7} = {02EA681E-C7D8-13C7-8484-4AC65E1B71E8}
		{6F8A4BAA-9F0D-4200-9A3A-0B2C06C1C313} = {02EA681E-C7D8-13C7-8484-4AC65E1B71E8}
	EndGlobalSection
	GlobalSection(ExtensibilityGlobals) = postSolution
		SolutionGuid = {0832A06C-257F-4940-A6C2-2C72400550F1}
	EndGlobalSection
EndGlobal
