
Microsoft Visual Studio Solution File, Format Version 12.00
# Visual Studio Version 17
VisualStudioVersion = 17.8.34309.116
MinimumVisualStudioVersion = 10.0.40219.1
Project("{9A19103F-16F7-4668-BE54-9A1E7A4F7556}") = "Trarizon.Library", "Trarizon.Library\Trarizon.Library.csproj", "{E9E0B4A1-58CE-4C67-9406-CF9784BEC421}"
EndProject
Project("{9A19103F-16F7-4668-BE54-9A1E7A4F7556}") = "Trarizon.Test.Run", "Trarizon.Test.Run\Trarizon.Test.Run.csproj", "{C848CF0B-DCB3-4178-8E73-147483257701}"
EndProject
Project("{9A19103F-16F7-4668-BE54-9A1E7A4F7556}") = "Trarizon.Test.UnitTest", "Trarizon.Test.UnitTest\Trarizon.Test.UnitTest.csproj", "{CDC84084-9DB9-4719-9E2C-0266DC3FA2D2}"
EndProject
Project("{9A19103F-16F7-4668-BE54-9A1E7A4F7556}") = "Trarizon.Yieliception", "Trarizon.Yieliception\Trarizon.Yieliception.csproj", "{530D51A7-3204-4207-9A72-85ED92E58703}"
EndProject
Project("{2150E333-8FDC-42A3-9474-1A3956D46DE8}") = "解决方案项", "解决方案项", "{9B93B36D-15EE-421F-B949-6948CCCD1CB2}"
	ProjectSection(SolutionItems) = preProject
		LICENSE = LICENSE
		History.md = History.md
		README.md = README.md
	EndProjectSection
EndProject
Project("{9A19103F-16F7-4668-BE54-9A1E7A4F7556}") = "Trarizon.Library.GeneratorToolkit", "Trarizon.Library.GeneratorToolkit\Trarizon.Library.GeneratorToolkit.csproj", "{37D2E66B-7F77-495A-BF17-3270E675A323}"
EndProject
Project("{9A19103F-16F7-4668-BE54-9A1E7A4F7556}") = "Trarizon.Library.SourceGenerator", "Trarizon.Library.SourceGenerator\Trarizon.Library.SourceGenerator.csproj", "{708FA9DA-C8C3-48C6-BD9E-7F3D2CAEC2DF}"
EndProject
Global
	GlobalSection(SolutionConfigurationPlatforms) = preSolution
		Debug|Any CPU = Debug|Any CPU
		Release|Any CPU = Release|Any CPU
	EndGlobalSection
	GlobalSection(ProjectConfigurationPlatforms) = postSolution
		{E9E0B4A1-58CE-4C67-9406-CF9784BEC421}.Debug|Any CPU.ActiveCfg = Debug|Any CPU
		{E9E0B4A1-58CE-4C67-9406-CF9784BEC421}.Debug|Any CPU.Build.0 = Debug|Any CPU
		{E9E0B4A1-58CE-4C67-9406-CF9784BEC421}.Release|Any CPU.ActiveCfg = Release|Any CPU
		{E9E0B4A1-58CE-4C67-9406-CF9784BEC421}.Release|Any CPU.Build.0 = Release|Any CPU
		{C848CF0B-DCB3-4178-8E73-147483257701}.Debug|Any CPU.ActiveCfg = Debug|Any CPU
		{C848CF0B-DCB3-4178-8E73-147483257701}.Debug|Any CPU.Build.0 = Debug|Any CPU
		{C848CF0B-DCB3-4178-8E73-147483257701}.Release|Any CPU.ActiveCfg = Release|Any CPU
		{C848CF0B-DCB3-4178-8E73-147483257701}.Release|Any CPU.Build.0 = Release|Any CPU
		{CDC84084-9DB9-4719-9E2C-0266DC3FA2D2}.Debug|Any CPU.ActiveCfg = Debug|Any CPU
		{CDC84084-9DB9-4719-9E2C-0266DC3FA2D2}.Debug|Any CPU.Build.0 = Debug|Any CPU
		{CDC84084-9DB9-4719-9E2C-0266DC3FA2D2}.Release|Any CPU.ActiveCfg = Release|Any CPU
		{CDC84084-9DB9-4719-9E2C-0266DC3FA2D2}.Release|Any CPU.Build.0 = Release|Any CPU
		{530D51A7-3204-4207-9A72-85ED92E58703}.Debug|Any CPU.ActiveCfg = Debug|Any CPU
		{530D51A7-3204-4207-9A72-85ED92E58703}.Debug|Any CPU.Build.0 = Debug|Any CPU
		{530D51A7-3204-4207-9A72-85ED92E58703}.Release|Any CPU.ActiveCfg = Release|Any CPU
		{530D51A7-3204-4207-9A72-85ED92E58703}.Release|Any CPU.Build.0 = Release|Any CPU
		{37D2E66B-7F77-495A-BF17-3270E675A323}.Debug|Any CPU.ActiveCfg = Debug|Any CPU
		{37D2E66B-7F77-495A-BF17-3270E675A323}.Debug|Any CPU.Build.0 = Debug|Any CPU
		{37D2E66B-7F77-495A-BF17-3270E675A323}.Release|Any CPU.ActiveCfg = Release|Any CPU
		{37D2E66B-7F77-495A-BF17-3270E675A323}.Release|Any CPU.Build.0 = Release|Any CPU
		{708FA9DA-C8C3-48C6-BD9E-7F3D2CAEC2DF}.Debug|Any CPU.ActiveCfg = Debug|Any CPU
		{708FA9DA-C8C3-48C6-BD9E-7F3D2CAEC2DF}.Debug|Any CPU.Build.0 = Debug|Any CPU
		{708FA9DA-C8C3-48C6-BD9E-7F3D2CAEC2DF}.Release|Any CPU.ActiveCfg = Release|Any CPU
		{708FA9DA-C8C3-48C6-BD9E-7F3D2CAEC2DF}.Release|Any CPU.Build.0 = Release|Any CPU
	EndGlobalSection
	GlobalSection(SolutionProperties) = preSolution
		HideSolutionNode = FALSE
	EndGlobalSection
	GlobalSection(ExtensibilityGlobals) = postSolution
		SolutionGuid = {0832A06C-257F-4940-A6C2-2C72400550F1}
	EndGlobalSection
EndGlobal
